// !$*UTF8*$!
{
	archiveVersion = 1;
	classes = {
	};
	objectVersion = 51;
	objects = {

/* Begin PBXBuildFile section */
		31331060265FD22200A48C28 /* Firebase.swift in Sources */ = {isa = PBXBuildFile; fileRef = 3133105F265FD22200A48C28 /* Firebase.swift */; };
		3139A132264C660800A796CB /* GoogleService-Info.plist in Resources */ = {isa = PBXBuildFile; fileRef = 3139A131264C660700A796CB /* GoogleService-Info.plist */; };
		313B184E262310A900CD496C /* AnimatedDotsView.xib in Resources */ = {isa = PBXBuildFile; fileRef = 313B184D262310A900CD496C /* AnimatedDotsView.xib */; };
		313B1851262310F000CD496C /* AnimatedDotsView.swift in Sources */ = {isa = PBXBuildFile; fileRef = 313B1850262310F000CD496C /* AnimatedDotsView.swift */; };
		313B185A262322D700CD496C /* TitleView.xib in Resources */ = {isa = PBXBuildFile; fileRef = 313B1859262322D700CD496C /* TitleView.xib */; };
		313B185D262322E300CD496C /* TitleView.swift in Sources */ = {isa = PBXBuildFile; fileRef = 313B185C262322E300CD496C /* TitleView.swift */; };
		313B186126236F1000CD496C /* News.swift in Sources */ = {isa = PBXBuildFile; fileRef = 313B186026236F1000CD496C /* News.swift */; };
		313B186B2623822800CD496C /* GroupsCell.swift in Sources */ = {isa = PBXBuildFile; fileRef = 313B18692623822800CD496C /* GroupsCell.swift */; };
		313B186C2623822800CD496C /* GroupsCell.xib in Resources */ = {isa = PBXBuildFile; fileRef = 313B186A2623822800CD496C /* GroupsCell.xib */; };
		313B1872262385F400CD496C /* FindGroupsCell.swift in Sources */ = {isa = PBXBuildFile; fileRef = 313B1870262385F400CD496C /* FindGroupsCell.swift */; };
		313B1873262385F400CD496C /* FindGroupsCell.xib in Resources */ = {isa = PBXBuildFile; fileRef = 313B1871262385F400CD496C /* FindGroupsCell.xib */; };
		313B18782626D55200CD496C /* LoginViewController.swift in Sources */ = {isa = PBXBuildFile; fileRef = 313B18772626D55200CD496C /* LoginViewController.swift */; };
		313B188026274E2100CD496C /* VKAPI.swift in Sources */ = {isa = PBXBuildFile; fileRef = 313B187F26274E2100CD496C /* VKAPI.swift */; };
		313B18842630036B00CD496C /* PhotoModel.swift in Sources */ = {isa = PBXBuildFile; fileRef = 313B18832630035D00CD496C /* PhotoModel.swift */; };
		313B188726305FF500CD496C /* UserModel.swift in Sources */ = {isa = PBXBuildFile; fileRef = 313B188626305FF500CD496C /* UserModel.swift */; };
		313B188B263076E500CD496C /* GroupModel.swift in Sources */ = {isa = PBXBuildFile; fileRef = 313B188A263076E500CD496C /* GroupModel.swift */; };
		3147E22225DDBA82005A0306 /* AppDelegate.swift in Sources */ = {isa = PBXBuildFile; fileRef = 3147E22125DDBA82005A0306 /* AppDelegate.swift */; };
		3147E22425DDBA82005A0306 /* SceneDelegate.swift in Sources */ = {isa = PBXBuildFile; fileRef = 3147E22325DDBA82005A0306 /* SceneDelegate.swift */; };
		3147E22925DDBA84005A0306 /* Main.storyboard in Resources */ = {isa = PBXBuildFile; fileRef = 3147E22725DDBA83005A0306 /* Main.storyboard */; };
		3147E22B25DDBAC3005A0306 /* Assets.xcassets in Resources */ = {isa = PBXBuildFile; fileRef = 3147E22A25DDBAC3005A0306 /* Assets.xcassets */; };
		3147E22E25DDBAC4005A0306 /* LaunchScreen.storyboard in Resources */ = {isa = PBXBuildFile; fileRef = 3147E22C25DDBAC4005A0306 /* LaunchScreen.storyboard */; };
		3168BE1A2646E73D00309528 /* Group.swift in Sources */ = {isa = PBXBuildFile; fileRef = 3168BE172646E73D00309528 /* Group.swift */; };
		3168BE1B2646E73D00309528 /* Photo.swift in Sources */ = {isa = PBXBuildFile; fileRef = 3168BE182646E73D00309528 /* Photo.swift */; };
		3168BE1C2646E73D00309528 /* User.swift in Sources */ = {isa = PBXBuildFile; fileRef = 3168BE192646E73D00309528 /* User.swift */; };
		31925DBB2639FB9800196533 /* Realm.swift in Sources */ = {isa = PBXBuildFile; fileRef = 31925DBA2639FB9800196533 /* Realm.swift */; };
		3196DF3225EBF86A0014B9C4 /* FriendsViewController.swift in Sources */ = {isa = PBXBuildFile; fileRef = 3196DF3125EBF86A0014B9C4 /* FriendsViewController.swift */; };
		3196DF3625EBFA0B0014B9C4 /* GroupsViewController.swift in Sources */ = {isa = PBXBuildFile; fileRef = 3196DF3525EBFA0B0014B9C4 /* GroupsViewController.swift */; };
		3196DF3A25EBFAF10014B9C4 /* FindGroupsViewController.swift in Sources */ = {isa = PBXBuildFile; fileRef = 3196DF3925EBFAF10014B9C4 /* FindGroupsViewController.swift */; };
		3196DF3E25EBFB870014B9C4 /* PhotosViewController.swift in Sources */ = {isa = PBXBuildFile; fileRef = 3196DF3D25EBFB870014B9C4 /* PhotosViewController.swift */; };
		3196DF5825EF97A10014B9C4 /* PhotosCell.swift in Sources */ = {isa = PBXBuildFile; fileRef = 3196DF5725EF97A10014B9C4 /* PhotosCell.swift */; };
		31AC4504266E6C6D00E40115 /* NewsAuthorCell.swift in Sources */ = {isa = PBXBuildFile; fileRef = 31AC4502266E6C6D00E40115 /* NewsAuthorCell.swift */; };
		31AC4505266E6C6D00E40115 /* NewsAuthorCell.xib in Resources */ = {isa = PBXBuildFile; fileRef = 31AC4503266E6C6D00E40115 /* NewsAuthorCell.xib */; };
		31AC450D266E6D1A00E40115 /* NewsTextCell.swift in Sources */ = {isa = PBXBuildFile; fileRef = 31AC450B266E6D1A00E40115 /* NewsTextCell.swift */; };
		31AC450E266E6D1A00E40115 /* NewsTextCell.xib in Resources */ = {isa = PBXBuildFile; fileRef = 31AC450C266E6D1A00E40115 /* NewsTextCell.xib */; };
		31AC4513266E6DDA00E40115 /* NewsPhotoCell.swift in Sources */ = {isa = PBXBuildFile; fileRef = 31AC4511266E6DDA00E40115 /* NewsPhotoCell.swift */; };
		31AC4514266E6DDA00E40115 /* NewsPhotoCell.xib in Resources */ = {isa = PBXBuildFile; fileRef = 31AC4512266E6DDA00E40115 /* NewsPhotoCell.xib */; };
		31AC4519266E6E3600E40115 /* NewsInteractionCell.swift in Sources */ = {isa = PBXBuildFile; fileRef = 31AC4517266E6E3600E40115 /* NewsInteractionCell.swift */; };
		31AC451A266E6E3600E40115 /* NewsInteractionCell.xib in Resources */ = {isa = PBXBuildFile; fileRef = 31AC4518266E6E3600E40115 /* NewsInteractionCell.xib */; };
		31CA5C6D260F9EA300E81A3A /* SelfConfiguringCell.swift in Sources */ = {isa = PBXBuildFile; fileRef = 31CA5C6C260F9EA300E81A3A /* SelfConfiguringCell.swift */; };
		31CA5C832622E64000E81A3A /* Session.swift in Sources */ = {isa = PBXBuildFile; fileRef = 31CA5C822622E63900E81A3A /* Session.swift */; };
		31DA9E6626060B9D00DB9390 /* FriendsCell.swift in Sources */ = {isa = PBXBuildFile; fileRef = 31DA9E6426060B9D00DB9390 /* FriendsCell.swift */; };
		31DA9E6726060B9D00DB9390 /* FriendsCell.xib in Resources */ = {isa = PBXBuildFile; fileRef = 31DA9E6526060B9D00DB9390 /* FriendsCell.xib */; };
		31E10DDD2607C4530086C348 /* NewsViewController.swift in Sources */ = {isa = PBXBuildFile; fileRef = 31E10DDC2607C4530086C348 /* NewsViewController.swift */; };
		31E10DE8260B1B280086C348 /* TestViewController.swift in Sources */ = {isa = PBXBuildFile; fileRef = 31E10DE7260B1B280086C348 /* TestViewController.swift */; };
		31E10DEC260E341E0086C348 /* InteractionView.xib in Resources */ = {isa = PBXBuildFile; fileRef = 31E10DEB260E341E0086C348 /* InteractionView.xib */; };
		31E10DF0260E3A220086C348 /* InteractionView.swift in Sources */ = {isa = PBXBuildFile; fileRef = 31E10DEF260E3A220086C348 /* InteractionView.swift */; };
		31E10DF4260E3BA20086C348 /* PhotoBrowsingViewController.swift in Sources */ = {isa = PBXBuildFile; fileRef = 31E10DF3260E3BA20086C348 /* PhotoBrowsingViewController.swift */; };
		B369E976E754BD9E8AAF04DD /* Pods_VKClient.framework in Frameworks */ = {isa = PBXBuildFile; fileRef = 3D284B8B171A1BBA2D9D4675 /* Pods_VKClient.framework */; };
/* End PBXBuildFile section */

/* Begin PBXFileReference section */
		3133105F265FD22200A48C28 /* Firebase.swift */ = {isa = PBXFileReference; lastKnownFileType = sourcecode.swift; path = Firebase.swift; sourceTree = "<group>"; };
		3139A131264C660700A796CB /* GoogleService-Info.plist */ = {isa = PBXFileReference; fileEncoding = 4; lastKnownFileType = text.plist.xml; name = "GoogleService-Info.plist"; path = "../../../../Downloads/GoogleService-Info.plist"; sourceTree = "<group>"; };
		313B184D262310A900CD496C /* AnimatedDotsView.xib */ = {isa = PBXFileReference; lastKnownFileType = file.xib; path = AnimatedDotsView.xib; sourceTree = "<group>"; };
		313B1850262310F000CD496C /* AnimatedDotsView.swift */ = {isa = PBXFileReference; lastKnownFileType = sourcecode.swift; path = AnimatedDotsView.swift; sourceTree = "<group>"; };
		313B1859262322D700CD496C /* TitleView.xib */ = {isa = PBXFileReference; lastKnownFileType = file.xib; path = TitleView.xib; sourceTree = "<group>"; };
		313B185C262322E300CD496C /* TitleView.swift */ = {isa = PBXFileReference; lastKnownFileType = sourcecode.swift; path = TitleView.swift; sourceTree = "<group>"; };
		313B186026236F1000CD496C /* News.swift */ = {isa = PBXFileReference; lastKnownFileType = sourcecode.swift; path = News.swift; sourceTree = "<group>"; };
		313B18692623822800CD496C /* GroupsCell.swift */ = {isa = PBXFileReference; lastKnownFileType = sourcecode.swift; path = GroupsCell.swift; sourceTree = "<group>"; };
		313B186A2623822800CD496C /* GroupsCell.xib */ = {isa = PBXFileReference; lastKnownFileType = file.xib; path = GroupsCell.xib; sourceTree = "<group>"; };
		313B1870262385F400CD496C /* FindGroupsCell.swift */ = {isa = PBXFileReference; lastKnownFileType = sourcecode.swift; path = FindGroupsCell.swift; sourceTree = "<group>"; };
		313B1871262385F400CD496C /* FindGroupsCell.xib */ = {isa = PBXFileReference; lastKnownFileType = file.xib; path = FindGroupsCell.xib; sourceTree = "<group>"; };
		313B18772626D55200CD496C /* LoginViewController.swift */ = {isa = PBXFileReference; lastKnownFileType = sourcecode.swift; path = LoginViewController.swift; sourceTree = "<group>"; };
		313B187F26274E2100CD496C /* VKAPI.swift */ = {isa = PBXFileReference; lastKnownFileType = sourcecode.swift; path = VKAPI.swift; sourceTree = "<group>"; };
		313B18832630035D00CD496C /* PhotoModel.swift */ = {isa = PBXFileReference; lastKnownFileType = sourcecode.swift; path = PhotoModel.swift; sourceTree = "<group>"; };
		313B188626305FF500CD496C /* UserModel.swift */ = {isa = PBXFileReference; lastKnownFileType = sourcecode.swift; path = UserModel.swift; sourceTree = "<group>"; };
		313B188A263076E500CD496C /* GroupModel.swift */ = {isa = PBXFileReference; lastKnownFileType = sourcecode.swift; path = GroupModel.swift; sourceTree = "<group>"; };
		3147E21E25DDBA82005A0306 /* VKClient.app */ = {isa = PBXFileReference; explicitFileType = wrapper.application; includeInIndex = 0; path = VKClient.app; sourceTree = BUILT_PRODUCTS_DIR; };
		3147E22125DDBA82005A0306 /* AppDelegate.swift */ = {isa = PBXFileReference; lastKnownFileType = sourcecode.swift; path = AppDelegate.swift; sourceTree = "<group>"; };
		3147E22325DDBA82005A0306 /* SceneDelegate.swift */ = {isa = PBXFileReference; lastKnownFileType = sourcecode.swift; path = SceneDelegate.swift; sourceTree = "<group>"; };
		3147E22825DDBA83005A0306 /* Base */ = {isa = PBXFileReference; lastKnownFileType = file.storyboard; name = Base; path = Base.lproj/Main.storyboard; sourceTree = "<group>"; };
		3147E22A25DDBAC3005A0306 /* Assets.xcassets */ = {isa = PBXFileReference; lastKnownFileType = folder.assetcatalog; path = Assets.xcassets; sourceTree = "<group>"; };
		3147E22D25DDBAC4005A0306 /* Base */ = {isa = PBXFileReference; lastKnownFileType = file.storyboard; name = Base; path = Base.lproj/LaunchScreen.storyboard; sourceTree = "<group>"; };
		3147E22F25DDBAC4005A0306 /* Info.plist */ = {isa = PBXFileReference; lastKnownFileType = text.plist.xml; path = Info.plist; sourceTree = "<group>"; };
		3168BE172646E73D00309528 /* Group.swift */ = {isa = PBXFileReference; fileEncoding = 4; lastKnownFileType = sourcecode.swift; name = Group.swift; path = ../../../../../../.Trash/Group.swift; sourceTree = "<group>"; };
		3168BE182646E73D00309528 /* Photo.swift */ = {isa = PBXFileReference; fileEncoding = 4; lastKnownFileType = sourcecode.swift; name = Photo.swift; path = ../../../../../../.Trash/Photo.swift; sourceTree = "<group>"; };
		3168BE192646E73D00309528 /* User.swift */ = {isa = PBXFileReference; fileEncoding = 4; lastKnownFileType = sourcecode.swift; name = User.swift; path = ../../../../../../.Trash/User.swift; sourceTree = "<group>"; };
		31925DBA2639FB9800196533 /* Realm.swift */ = {isa = PBXFileReference; lastKnownFileType = sourcecode.swift; path = Realm.swift; sourceTree = "<group>"; };
		3196DF3125EBF86A0014B9C4 /* FriendsViewController.swift */ = {isa = PBXFileReference; lastKnownFileType = sourcecode.swift; path = FriendsViewController.swift; sourceTree = "<group>"; };
		3196DF3525EBFA0B0014B9C4 /* GroupsViewController.swift */ = {isa = PBXFileReference; lastKnownFileType = sourcecode.swift; path = GroupsViewController.swift; sourceTree = "<group>"; };
		3196DF3925EBFAF10014B9C4 /* FindGroupsViewController.swift */ = {isa = PBXFileReference; lastKnownFileType = sourcecode.swift; path = FindGroupsViewController.swift; sourceTree = "<group>"; };
		3196DF3D25EBFB870014B9C4 /* PhotosViewController.swift */ = {isa = PBXFileReference; lastKnownFileType = sourcecode.swift; path = PhotosViewController.swift; sourceTree = "<group>"; };
		3196DF5725EF97A10014B9C4 /* PhotosCell.swift */ = {isa = PBXFileReference; lastKnownFileType = sourcecode.swift; path = PhotosCell.swift; sourceTree = "<group>"; };
		31AC4502266E6C6D00E40115 /* NewsAuthorCell.swift */ = {isa = PBXFileReference; lastKnownFileType = sourcecode.swift; path = NewsAuthorCell.swift; sourceTree = "<group>"; };
		31AC4503266E6C6D00E40115 /* NewsAuthorCell.xib */ = {isa = PBXFileReference; lastKnownFileType = file.xib; path = NewsAuthorCell.xib; sourceTree = "<group>"; };
		31AC450B266E6D1A00E40115 /* NewsTextCell.swift */ = {isa = PBXFileReference; lastKnownFileType = sourcecode.swift; path = NewsTextCell.swift; sourceTree = "<group>"; };
		31AC450C266E6D1A00E40115 /* NewsTextCell.xib */ = {isa = PBXFileReference; lastKnownFileType = file.xib; path = NewsTextCell.xib; sourceTree = "<group>"; };
		31AC4511266E6DDA00E40115 /* NewsPhotoCell.swift */ = {isa = PBXFileReference; lastKnownFileType = sourcecode.swift; path = NewsPhotoCell.swift; sourceTree = "<group>"; };
		31AC4512266E6DDA00E40115 /* NewsPhotoCell.xib */ = {isa = PBXFileReference; lastKnownFileType = file.xib; path = NewsPhotoCell.xib; sourceTree = "<group>"; };
		31AC4517266E6E3600E40115 /* NewsInteractionCell.swift */ = {isa = PBXFileReference; lastKnownFileType = sourcecode.swift; path = NewsInteractionCell.swift; sourceTree = "<group>"; };
		31AC4518266E6E3600E40115 /* NewsInteractionCell.xib */ = {isa = PBXFileReference; lastKnownFileType = file.xib; path = NewsInteractionCell.xib; sourceTree = "<group>"; };
		31CA5C6C260F9EA300E81A3A /* SelfConfiguringCell.swift */ = {isa = PBXFileReference; lastKnownFileType = sourcecode.swift; path = SelfConfiguringCell.swift; sourceTree = "<group>"; };
		31CA5C822622E63900E81A3A /* Session.swift */ = {isa = PBXFileReference; lastKnownFileType = sourcecode.swift; path = Session.swift; sourceTree = "<group>"; };
		31DA9E6426060B9D00DB9390 /* FriendsCell.swift */ = {isa = PBXFileReference; lastKnownFileType = sourcecode.swift; path = FriendsCell.swift; sourceTree = "<group>"; };
		31DA9E6526060B9D00DB9390 /* FriendsCell.xib */ = {isa = PBXFileReference; lastKnownFileType = file.xib; path = FriendsCell.xib; sourceTree = "<group>"; };
		31E10DDC2607C4530086C348 /* NewsViewController.swift */ = {isa = PBXFileReference; lastKnownFileType = sourcecode.swift; path = NewsViewController.swift; sourceTree = "<group>"; };
		31E10DE7260B1B280086C348 /* TestViewController.swift */ = {isa = PBXFileReference; lastKnownFileType = sourcecode.swift; path = TestViewController.swift; sourceTree = "<group>"; };
		31E10DEB260E341E0086C348 /* InteractionView.xib */ = {isa = PBXFileReference; lastKnownFileType = file.xib; path = InteractionView.xib; sourceTree = "<group>"; };
		31E10DEF260E3A220086C348 /* InteractionView.swift */ = {isa = PBXFileReference; lastKnownFileType = sourcecode.swift; path = InteractionView.swift; sourceTree = "<group>"; };
		31E10DF3260E3BA20086C348 /* PhotoBrowsingViewController.swift */ = {isa = PBXFileReference; lastKnownFileType = sourcecode.swift; path = PhotoBrowsingViewController.swift; sourceTree = "<group>"; };
		3D284B8B171A1BBA2D9D4675 /* Pods_VKClient.framework */ = {isa = PBXFileReference; explicitFileType = wrapper.framework; includeInIndex = 0; path = Pods_VKClient.framework; sourceTree = BUILT_PRODUCTS_DIR; };
		80B9CBCFC04F399AE2DD60C2 /* Pods-VKClient.release.xcconfig */ = {isa = PBXFileReference; includeInIndex = 1; lastKnownFileType = text.xcconfig; name = "Pods-VKClient.release.xcconfig"; path = "Target Support Files/Pods-VKClient/Pods-VKClient.release.xcconfig"; sourceTree = "<group>"; };
		EECDEC440EE76B40A0DEB178 /* Pods-VKClient.debug.xcconfig */ = {isa = PBXFileReference; includeInIndex = 1; lastKnownFileType = text.xcconfig; name = "Pods-VKClient.debug.xcconfig"; path = "Target Support Files/Pods-VKClient/Pods-VKClient.debug.xcconfig"; sourceTree = "<group>"; };
/* End PBXFileReference section */

/* Begin PBXFrameworksBuildPhase section */
		3147E21B25DDBA81005A0306 /* Frameworks */ = {
			isa = PBXFrameworksBuildPhase;
			buildActionMask = 2147483647;
			files = (
				B369E976E754BD9E8AAF04DD /* Pods_VKClient.framework in Frameworks */,
			);
			runOnlyForDeploymentPostprocessing = 0;
		};
/* End PBXFrameworksBuildPhase section */

/* Begin PBXGroup section */
		3133105E265FD20C00A48C28 /* Firebase */ = {
			isa = PBXGroup;
			children = (
				3133105F265FD22200A48C28 /* Firebase.swift */,
			);
			path = Firebase;
			sourceTree = "<group>";
		};
		313B187E26274DB000CD496C /* VKAPI */ = {
			isa = PBXGroup;
			children = (
				313B187F26274E2100CD496C /* VKAPI.swift */,
			);
			path = VKAPI;
			sourceTree = "<group>";
		};
		3147E21525DDBA81005A0306 = {
			isa = PBXGroup;
			children = (
				3147E22025DDBA82005A0306 /* VKClient */,
				3147E21F25DDBA82005A0306 /* Products */,
				6BDFE677B8F5C3F4298FF230 /* Pods */,
				CF518BD3EE73C7081431725F /* Frameworks */,
			);
			sourceTree = "<group>";
		};
		3147E21F25DDBA82005A0306 /* Products */ = {
			isa = PBXGroup;
			children = (
				3147E21E25DDBA82005A0306 /* VKClient.app */,
			);
			name = Products;
			sourceTree = "<group>";
		};
		3147E22025DDBA82005A0306 /* VKClient */ = {
			isa = PBXGroup;
			children = (
				3147E22F25DDBAC4005A0306 /* Info.plist */,
				3139A131264C660700A796CB /* GoogleService-Info.plist */,
				3196DF4125EBFBF80014B9C4 /* App */,
				313B187E26274DB000CD496C /* VKAPI */,
				31925DB92639FB6A00196533 /* Realm */,
				3133105E265FD20C00A48C28 /* Firebase */,
				3168BE032646E36F00309528 /* Head */,
				3168BE052646E41100309528 /* Body */,
				3168BE0C2646E4F000309528 /* Tail */,
				3196DF4325EBFC3B0014B9C4 /* Resources */,
				31E10DE5260B18A80086C348 /* Test */,
			);
			path = VKClient;
			sourceTree = "<group>";
		};
		3168BE032646E36F00309528 /* Head */ = {
			isa = PBXGroup;
			children = (
				3147E22C25DDBAC4005A0306 /* LaunchScreen.storyboard */,
				3147E22725DDBA83005A0306 /* Main.storyboard */,
				31CA5C822622E63900E81A3A /* Session.swift */,
				31E10DEA260E337C0086C348 /* Helpers */,
			);
			path = Head;
			sourceTree = "<group>";
		};
		3168BE052646E41100309528 /* Body */ = {
			isa = PBXGroup;
			children = (
				3168BE0F2646E55600309528 /* Login */,
				3168BE072646E42000309528 /* Friends */,
				3168BE092646E43B00309528 /* Photos */,
				3168BE0A2646E44000309528 /* Groups */,
				3168BE0B2646E4D000309528 /* News */,
			);
			path = Body;
			sourceTree = "<group>";
		};
		3168BE072646E42000309528 /* Friends */ = {
			isa = PBXGroup;
			children = (
				313B188626305FF500CD496C /* UserModel.swift */,
				31DA9E6526060B9D00DB9390 /* FriendsCell.xib */,
				31DA9E6426060B9D00DB9390 /* FriendsCell.swift */,
				3196DF3125EBF86A0014B9C4 /* FriendsViewController.swift */,
			);
			path = Friends;
			sourceTree = "<group>";
		};
		3168BE092646E43B00309528 /* Photos */ = {
			isa = PBXGroup;
			children = (
				313B18832630035D00CD496C /* PhotoModel.swift */,
				3196DF5725EF97A10014B9C4 /* PhotosCell.swift */,
				3196DF3D25EBFB870014B9C4 /* PhotosViewController.swift */,
				31E10DF3260E3BA20086C348 /* PhotoBrowsingViewController.swift */,
			);
			path = Photos;
			sourceTree = "<group>";
		};
		3168BE0A2646E44000309528 /* Groups */ = {
			isa = PBXGroup;
			children = (
				313B188A263076E500CD496C /* GroupModel.swift */,
				3196DF3525EBFA0B0014B9C4 /* GroupsViewController.swift */,
				313B186A2623822800CD496C /* GroupsCell.xib */,
				313B18692623822800CD496C /* GroupsCell.swift */,
				313B1871262385F400CD496C /* FindGroupsCell.xib */,
				313B1870262385F400CD496C /* FindGroupsCell.swift */,
				3196DF3925EBFAF10014B9C4 /* FindGroupsViewController.swift */,
			);
			path = Groups;
			sourceTree = "<group>";
		};
		3168BE0B2646E4D000309528 /* News */ = {
			isa = PBXGroup;
			children = (
				31AC4502266E6C6D00E40115 /* NewsAuthorCell.swift */,
				31AC4503266E6C6D00E40115 /* NewsAuthorCell.xib */,
				31AC450B266E6D1A00E40115 /* NewsTextCell.swift */,
				31AC450C266E6D1A00E40115 /* NewsTextCell.xib */,
				31AC4511266E6DDA00E40115 /* NewsPhotoCell.swift */,
				31AC4512266E6DDA00E40115 /* NewsPhotoCell.xib */,
				31AC4517266E6E3600E40115 /* NewsInteractionCell.swift */,
				31AC4518266E6E3600E40115 /* NewsInteractionCell.xib */,
				31E10DDC2607C4530086C348 /* NewsViewController.swift */,
			);
			path = News;
			sourceTree = "<group>";
		};
		3168BE0C2646E4F000309528 /* Tail */ = {
			isa = PBXGroup;
			children = (
				3196DF4A25EEBF070014B9C4 /* OldModel */,
				3168BE122646E59B00309528 /* AnimatedDots */,
			);
			path = Tail;
			sourceTree = "<group>";
		};
		3168BE0F2646E55600309528 /* Login */ = {
			isa = PBXGroup;
			children = (
				313B18772626D55200CD496C /* LoginViewController.swift */,
			);
			path = Login;
			sourceTree = "<group>";
		};
		3168BE112646E58800309528 /* Interaction */ = {
			isa = PBXGroup;
			children = (
				31E10DEB260E341E0086C348 /* InteractionView.xib */,
				31E10DEF260E3A220086C348 /* InteractionView.swift */,
			);
			path = Interaction;
			sourceTree = "<group>";
		};
		3168BE122646E59B00309528 /* AnimatedDots */ = {
			isa = PBXGroup;
			children = (
				313B184D262310A900CD496C /* AnimatedDotsView.xib */,
				313B1850262310F000CD496C /* AnimatedDotsView.swift */,
			);
			path = AnimatedDots;
			sourceTree = "<group>";
		};
		3168BE142646E5B000309528 /* Title */ = {
			isa = PBXGroup;
			children = (
				313B1859262322D700CD496C /* TitleView.xib */,
				313B185C262322E300CD496C /* TitleView.swift */,
			);
			path = Title;
			sourceTree = "<group>";
		};
		31925DB92639FB6A00196533 /* Realm */ = {
			isa = PBXGroup;
			children = (
				31925DBA2639FB9800196533 /* Realm.swift */,
			);
			path = Realm;
			sourceTree = "<group>";
		};
		3196DF4125EBFBF80014B9C4 /* App */ = {
			isa = PBXGroup;
			children = (
				3147E22125DDBA82005A0306 /* AppDelegate.swift */,
				3147E22325DDBA82005A0306 /* SceneDelegate.swift */,
			);
			path = App;
			sourceTree = "<group>";
		};
		3196DF4325EBFC3B0014B9C4 /* Resources */ = {
			isa = PBXGroup;
			children = (
				3147E22A25DDBAC3005A0306 /* Assets.xcassets */,
			);
			path = Resources;
			sourceTree = "<group>";
		};
		3196DF4A25EEBF070014B9C4 /* OldModel */ = {
			isa = PBXGroup;
			children = (
				313B186026236F1000CD496C /* News.swift */,
				3168BE172646E73D00309528 /* Group.swift */,
				3168BE182646E73D00309528 /* Photo.swift */,
				3168BE192646E73D00309528 /* User.swift */,
			);
			path = OldModel;
			sourceTree = "<group>";
		};
		31E10DE5260B18A80086C348 /* Test */ = {
			isa = PBXGroup;
			children = (
				31E10DE7260B1B280086C348 /* TestViewController.swift */,
			);
			path = Test;
			sourceTree = "<group>";
		};
		31E10DEA260E337C0086C348 /* Helpers */ = {
			isa = PBXGroup;
			children = (
				31CA5C6C260F9EA300E81A3A /* SelfConfiguringCell.swift */,
				3168BE142646E5B000309528 /* Title */,
				3168BE112646E58800309528 /* Interaction */,
			);
			path = Helpers;
			sourceTree = "<group>";
		};
		6BDFE677B8F5C3F4298FF230 /* Pods */ = {
			isa = PBXGroup;
			children = (
				EECDEC440EE76B40A0DEB178 /* Pods-VKClient.debug.xcconfig */,
				80B9CBCFC04F399AE2DD60C2 /* Pods-VKClient.release.xcconfig */,
			);
			path = Pods;
			sourceTree = "<group>";
		};
		CF518BD3EE73C7081431725F /* Frameworks */ = {
			isa = PBXGroup;
			children = (
				3D284B8B171A1BBA2D9D4675 /* Pods_VKClient.framework */,
			);
			name = Frameworks;
			sourceTree = "<group>";
		};
/* End PBXGroup section */

/* Begin PBXNativeTarget section */
		3147E21D25DDBA81005A0306 /* VKClient */ = {
			isa = PBXNativeTarget;
			buildConfigurationList = 3147E23225DDBAC4005A0306 /* Build configuration list for PBXNativeTarget "VKClient" */;
			buildPhases = (
				16B70D810210F45F94891E10 /* [CP] Check Pods Manifest.lock */,
				3147E21A25DDBA81005A0306 /* Sources */,
				3147E21B25DDBA81005A0306 /* Frameworks */,
				3147E21C25DDBA81005A0306 /* Resources */,
				7308E3AD8E79BA02BA52F93E /* [CP] Embed Pods Frameworks */,
			);
			buildRules = (
			);
			dependencies = (
			);
			name = VKClient;
			productName = VKClient;
			productReference = 3147E21E25DDBA82005A0306 /* VKClient.app */;
			productType = "com.apple.product-type.application";
		};
/* End PBXNativeTarget section */

/* Begin PBXProject section */
		3147E21625DDBA81005A0306 /* Project object */ = {
			isa = PBXProject;
			attributes = {
				LastSwiftUpdateCheck = 1240;
				LastUpgradeCheck = 1240;
				TargetAttributes = {
					3147E21D25DDBA81005A0306 = {
						CreatedOnToolsVersion = 12.4;
					};
				};
			};
			buildConfigurationList = 3147E21925DDBA81005A0306 /* Build configuration list for PBXProject "VKClient" */;
			compatibilityVersion = "Xcode 9.3";
			developmentRegion = en;
			hasScannedForEncodings = 0;
			knownRegions = (
				en,
				Base,
			);
			mainGroup = 3147E21525DDBA81005A0306;
			productRefGroup = 3147E21F25DDBA82005A0306 /* Products */;
			projectDirPath = "";
			projectRoot = "";
			targets = (
				3147E21D25DDBA81005A0306 /* VKClient */,
			);
		};
/* End PBXProject section */

/* Begin PBXResourcesBuildPhase section */
		3147E21C25DDBA81005A0306 /* Resources */ = {
			isa = PBXResourcesBuildPhase;
			buildActionMask = 2147483647;
			files = (
				31E10DEC260E341E0086C348 /* InteractionView.xib in Resources */,
				313B1873262385F400CD496C /* FindGroupsCell.xib in Resources */,
				31AC450E266E6D1A00E40115 /* NewsTextCell.xib in Resources */,
				31AC4505266E6C6D00E40115 /* NewsAuthorCell.xib in Resources */,
				31AC451A266E6E3600E40115 /* NewsInteractionCell.xib in Resources */,
				3147E22E25DDBAC4005A0306 /* LaunchScreen.storyboard in Resources */,
				313B186C2623822800CD496C /* GroupsCell.xib in Resources */,
				31AC4514266E6DDA00E40115 /* NewsPhotoCell.xib in Resources */,
				3147E22B25DDBAC3005A0306 /* Assets.xcassets in Resources */,
				3147E22925DDBA84005A0306 /* Main.storyboard in Resources */,
				313B185A262322D700CD496C /* TitleView.xib in Resources */,
				3139A132264C660800A796CB /* GoogleService-Info.plist in Resources */,
				313B184E262310A900CD496C /* AnimatedDotsView.xib in Resources */,
				31DA9E6726060B9D00DB9390 /* FriendsCell.xib in Resources */,
			);
			runOnlyForDeploymentPostprocessing = 0;
		};
/* End PBXResourcesBuildPhase section */

/* Begin PBXShellScriptBuildPhase section */
		16B70D810210F45F94891E10 /* [CP] Check Pods Manifest.lock */ = {
			isa = PBXShellScriptBuildPhase;
			buildActionMask = 2147483647;
			files = (
			);
			inputFileListPaths = (
			);
			inputPaths = (
				"${PODS_PODFILE_DIR_PATH}/Podfile.lock",
				"${PODS_ROOT}/Manifest.lock",
			);
			name = "[CP] Check Pods Manifest.lock";
			outputFileListPaths = (
			);
			outputPaths = (
				"$(DERIVED_FILE_DIR)/Pods-VKClient-checkManifestLockResult.txt",
			);
			runOnlyForDeploymentPostprocessing = 0;
			shellPath = /bin/sh;
			shellScript = "diff \"${PODS_PODFILE_DIR_PATH}/Podfile.lock\" \"${PODS_ROOT}/Manifest.lock\" > /dev/null\nif [ $? != 0 ] ; then\n    # print error to STDERR\n    echo \"error: The sandbox is not in sync with the Podfile.lock. Run 'pod install' or update your CocoaPods installation.\" >&2\n    exit 1\nfi\n# This output is used by Xcode 'outputs' to avoid re-running this script phase.\necho \"SUCCESS\" > \"${SCRIPT_OUTPUT_FILE_0}\"\n";
			showEnvVarsInLog = 0;
		};
		7308E3AD8E79BA02BA52F93E /* [CP] Embed Pods Frameworks */ = {
			isa = PBXShellScriptBuildPhase;
			buildActionMask = 2147483647;
			files = (
			);
			inputFileListPaths = (
				"${PODS_ROOT}/Target Support Files/Pods-VKClient/Pods-VKClient-frameworks-${CONFIGURATION}-input-files.xcfilelist",
			);
			name = "[CP] Embed Pods Frameworks";
			outputFileListPaths = (
				"${PODS_ROOT}/Target Support Files/Pods-VKClient/Pods-VKClient-frameworks-${CONFIGURATION}-output-files.xcfilelist",
			);
			runOnlyForDeploymentPostprocessing = 0;
			shellPath = /bin/sh;
			shellScript = "\"${PODS_ROOT}/Target Support Files/Pods-VKClient/Pods-VKClient-frameworks.sh\"\n";
			showEnvVarsInLog = 0;
		};
/* End PBXShellScriptBuildPhase section */

/* Begin PBXSourcesBuildPhase section */
		3147E21A25DDBA81005A0306 /* Sources */ = {
			isa = PBXSourcesBuildPhase;
			buildActionMask = 2147483647;
			files = (
				31AC4504266E6C6D00E40115 /* NewsAuthorCell.swift in Sources */,
				31331060265FD22200A48C28 /* Firebase.swift in Sources */,
				3196DF3225EBF86A0014B9C4 /* FriendsViewController.swift in Sources */,
				31AC4519266E6E3600E40115 /* NewsInteractionCell.swift in Sources */,
				31E10DF4260E3BA20086C348 /* PhotoBrowsingViewController.swift in Sources */,
				31E10DE8260B1B280086C348 /* TestViewController.swift in Sources */,
				31DA9E6626060B9D00DB9390 /* FriendsCell.swift in Sources */,
				313B18842630036B00CD496C /* PhotoModel.swift in Sources */,
				313B186B2623822800CD496C /* GroupsCell.swift in Sources */,
				313B188026274E2100CD496C /* VKAPI.swift in Sources */,
				3168BE1A2646E73D00309528 /* Group.swift in Sources */,
				3168BE1C2646E73D00309528 /* User.swift in Sources */,
				31925DBB2639FB9800196533 /* Realm.swift in Sources */,
				313B188726305FF500CD496C /* UserModel.swift in Sources */,
				313B1872262385F400CD496C /* FindGroupsCell.swift in Sources */,
				3147E22225DDBA82005A0306 /* AppDelegate.swift in Sources */,
				31E10DF0260E3A220086C348 /* InteractionView.swift in Sources */,
				31CA5C6D260F9EA300E81A3A /* SelfConfiguringCell.swift in Sources */,
				3196DF3A25EBFAF10014B9C4 /* FindGroupsViewController.swift in Sources */,
				31AC450D266E6D1A00E40115 /* NewsTextCell.swift in Sources */,
				313B18782626D55200CD496C /* LoginViewController.swift in Sources */,
				3196DF3E25EBFB870014B9C4 /* PhotosViewController.swift in Sources */,
				31E10DDD2607C4530086C348 /* NewsViewController.swift in Sources */,
				313B1851262310F000CD496C /* AnimatedDotsView.swift in Sources */,
				313B186126236F1000CD496C /* News.swift in Sources */,
				31CA5C832622E64000E81A3A /* Session.swift in Sources */,
				3196DF5825EF97A10014B9C4 /* PhotosCell.swift in Sources */,
				3147E22425DDBA82005A0306 /* SceneDelegate.swift in Sources */,
				31AC4513266E6DDA00E40115 /* NewsPhotoCell.swift in Sources */,
				313B188B263076E500CD496C /* GroupModel.swift in Sources */,
				3196DF3625EBFA0B0014B9C4 /* GroupsViewController.swift in Sources */,
				313B185D262322E300CD496C /* TitleView.swift in Sources */,
				3168BE1B2646E73D00309528 /* Photo.swift in Sources */,
			);
			runOnlyForDeploymentPostprocessing = 0;
		};
/* End PBXSourcesBuildPhase section */

/* Begin PBXVariantGroup section */
		3147E22725DDBA83005A0306 /* Main.storyboard */ = {
			isa = PBXVariantGroup;
			children = (
				3147E22825DDBA83005A0306 /* Base */,
			);
			name = Main.storyboard;
			sourceTree = "<group>";
		};
		3147E22C25DDBAC4005A0306 /* LaunchScreen.storyboard */ = {
			isa = PBXVariantGroup;
			children = (
				3147E22D25DDBAC4005A0306 /* Base */,
			);
			name = LaunchScreen.storyboard;
			sourceTree = "<group>";
		};
/* End PBXVariantGroup section */

/* Begin XCBuildConfiguration section */
		3147E23025DDBAC4005A0306 /* Debug */ = {
			isa = XCBuildConfiguration;
			buildSettings = {
				ALWAYS_SEARCH_USER_PATHS = NO;
				CLANG_ANALYZER_NONNULL = YES;
				CLANG_ANALYZER_NUMBER_OBJECT_CONVERSION = YES_AGGRESSIVE;
				CLANG_CXX_LANGUAGE_STANDARD = "gnu++14";
				CLANG_CXX_LIBRARY = "libc++";
				CLANG_ENABLE_MODULES = YES;
				CLANG_ENABLE_OBJC_ARC = YES;
				CLANG_ENABLE_OBJC_WEAK = YES;
				CLANG_WARN_BLOCK_CAPTURE_AUTORELEASING = YES;
				CLANG_WARN_BOOL_CONVERSION = YES;
				CLANG_WARN_COMMA = YES;
				CLANG_WARN_CONSTANT_CONVERSION = YES;
				CLANG_WARN_DEPRECATED_OBJC_IMPLEMENTATIONS = YES;
				CLANG_WARN_DIRECT_OBJC_ISA_USAGE = YES_ERROR;
				CLANG_WARN_DOCUMENTATION_COMMENTS = YES;
				CLANG_WARN_EMPTY_BODY = YES;
				CLANG_WARN_ENUM_CONVERSION = YES;
				CLANG_WARN_INFINITE_RECURSION = YES;
				CLANG_WARN_INT_CONVERSION = YES;
				CLANG_WARN_NON_LITERAL_NULL_CONVERSION = YES;
				CLANG_WARN_OBJC_IMPLICIT_RETAIN_SELF = YES;
				CLANG_WARN_OBJC_LITERAL_CONVERSION = YES;
				CLANG_WARN_OBJC_ROOT_CLASS = YES_ERROR;
				CLANG_WARN_QUOTED_INCLUDE_IN_FRAMEWORK_HEADER = YES;
				CLANG_WARN_RANGE_LOOP_ANALYSIS = YES;
				CLANG_WARN_STRICT_PROTOTYPES = YES;
				CLANG_WARN_SUSPICIOUS_MOVE = YES;
				CLANG_WARN_UNGUARDED_AVAILABILITY = YES_AGGRESSIVE;
				CLANG_WARN_UNREACHABLE_CODE = YES;
				CLANG_WARN__DUPLICATE_METHOD_MATCH = YES;
				COPY_PHASE_STRIP = NO;
				DEBUG_INFORMATION_FORMAT = dwarf;
				ENABLE_STRICT_OBJC_MSGSEND = YES;
				ENABLE_TESTABILITY = YES;
				GCC_C_LANGUAGE_STANDARD = gnu11;
				GCC_DYNAMIC_NO_PIC = NO;
				GCC_NO_COMMON_BLOCKS = YES;
				GCC_OPTIMIZATION_LEVEL = 0;
				GCC_PREPROCESSOR_DEFINITIONS = (
					"DEBUG=1",
					"$(inherited)",
				);
				GCC_WARN_64_TO_32_BIT_CONVERSION = YES;
				GCC_WARN_ABOUT_RETURN_TYPE = YES_ERROR;
				GCC_WARN_UNDECLARED_SELECTOR = YES;
				GCC_WARN_UNINITIALIZED_AUTOS = YES_AGGRESSIVE;
				GCC_WARN_UNUSED_FUNCTION = YES;
				GCC_WARN_UNUSED_VARIABLE = YES;
				IPHONEOS_DEPLOYMENT_TARGET = 14.4;
				MTL_ENABLE_DEBUG_INFO = INCLUDE_SOURCE;
				MTL_FAST_MATH = YES;
				ONLY_ACTIVE_ARCH = YES;
				SDKROOT = iphoneos;
				SWIFT_ACTIVE_COMPILATION_CONDITIONS = DEBUG;
				SWIFT_OPTIMIZATION_LEVEL = "-Onone";
			};
			name = Debug;
		};
		3147E23125DDBAC4005A0306 /* Release */ = {
			isa = XCBuildConfiguration;
			buildSettings = {
				ALWAYS_SEARCH_USER_PATHS = NO;
				CLANG_ANALYZER_NONNULL = YES;
				CLANG_ANALYZER_NUMBER_OBJECT_CONVERSION = YES_AGGRESSIVE;
				CLANG_CXX_LANGUAGE_STANDARD = "gnu++14";
				CLANG_CXX_LIBRARY = "libc++";
				CLANG_ENABLE_MODULES = YES;
				CLANG_ENABLE_OBJC_ARC = YES;
				CLANG_ENABLE_OBJC_WEAK = YES;
				CLANG_WARN_BLOCK_CAPTURE_AUTORELEASING = YES;
				CLANG_WARN_BOOL_CONVERSION = YES;
				CLANG_WARN_COMMA = YES;
				CLANG_WARN_CONSTANT_CONVERSION = YES;
				CLANG_WARN_DEPRECATED_OBJC_IMPLEMENTATIONS = YES;
				CLANG_WARN_DIRECT_OBJC_ISA_USAGE = YES_ERROR;
				CLANG_WARN_DOCUMENTATION_COMMENTS = YES;
				CLANG_WARN_EMPTY_BODY = YES;
				CLANG_WARN_ENUM_CONVERSION = YES;
				CLANG_WARN_INFINITE_RECURSION = YES;
				CLANG_WARN_INT_CONVERSION = YES;
				CLANG_WARN_NON_LITERAL_NULL_CONVERSION = YES;
				CLANG_WARN_OBJC_IMPLICIT_RETAIN_SELF = YES;
				CLANG_WARN_OBJC_LITERAL_CONVERSION = YES;
				CLANG_WARN_OBJC_ROOT_CLASS = YES_ERROR;
				CLANG_WARN_QUOTED_INCLUDE_IN_FRAMEWORK_HEADER = YES;
				CLANG_WARN_RANGE_LOOP_ANALYSIS = YES;
				CLANG_WARN_STRICT_PROTOTYPES = YES;
				CLANG_WARN_SUSPICIOUS_MOVE = YES;
				CLANG_WARN_UNGUARDED_AVAILABILITY = YES_AGGRESSIVE;
				CLANG_WARN_UNREACHABLE_CODE = YES;
				CLANG_WARN__DUPLICATE_METHOD_MATCH = YES;
				COPY_PHASE_STRIP = NO;
				DEBUG_INFORMATION_FORMAT = "dwarf-with-dsym";
				ENABLE_NS_ASSERTIONS = NO;
				ENABLE_STRICT_OBJC_MSGSEND = YES;
				GCC_C_LANGUAGE_STANDARD = gnu11;
				GCC_NO_COMMON_BLOCKS = YES;
				GCC_WARN_64_TO_32_BIT_CONVERSION = YES;
				GCC_WARN_ABOUT_RETURN_TYPE = YES_ERROR;
				GCC_WARN_UNDECLARED_SELECTOR = YES;
				GCC_WARN_UNINITIALIZED_AUTOS = YES_AGGRESSIVE;
				GCC_WARN_UNUSED_FUNCTION = YES;
				GCC_WARN_UNUSED_VARIABLE = YES;
				IPHONEOS_DEPLOYMENT_TARGET = 14.4;
				MTL_ENABLE_DEBUG_INFO = NO;
				MTL_FAST_MATH = YES;
				SDKROOT = iphoneos;
				SWIFT_COMPILATION_MODE = wholemodule;
				SWIFT_OPTIMIZATION_LEVEL = "-O";
				VALIDATE_PRODUCT = YES;
			};
			name = Release;
		};
		3147E23325DDBAC4005A0306 /* Debug */ = {
			isa = XCBuildConfiguration;
			baseConfigurationReference = EECDEC440EE76B40A0DEB178 /* Pods-VKClient.debug.xcconfig */;
			buildSettings = {
				ASSETCATALOG_COMPILER_APPICON_NAME = AppIcon;
				ASSETCATALOG_COMPILER_GLOBAL_ACCENT_COLOR_NAME = AccentColor;
				CODE_SIGN_STYLE = Automatic;
				INFOPLIST_FILE = VKClient/Info.plist;
				LD_RUNPATH_SEARCH_PATHS = (
					"$(inherited)",
					"@executable_path/Frameworks",
				);
				PRODUCT_BUNDLE_IDENTIFIER = test.VKClient;
				PRODUCT_NAME = "$(TARGET_NAME)";
				SWIFT_VERSION = 5.0;
				TARGETED_DEVICE_FAMILY = "1,2";
			};
			name = Debug;
		};
		3147E23425DDBAC4005A0306 /* Release */ = {
			isa = XCBuildConfiguration;
			baseConfigurationReference = 80B9CBCFC04F399AE2DD60C2 /* Pods-VKClient.release.xcconfig */;
			buildSettings = {
				ASSETCATALOG_COMPILER_APPICON_NAME = AppIcon;
				ASSETCATALOG_COMPILER_GLOBAL_ACCENT_COLOR_NAME = AccentColor;
				CODE_SIGN_STYLE = Automatic;
				INFOPLIST_FILE = VKClient/Info.plist;
				LD_RUNPATH_SEARCH_PATHS = (
					"$(inherited)",
					"@executable_path/Frameworks",
				);
				PRODUCT_BUNDLE_IDENTIFIER = test.VKClient;
				PRODUCT_NAME = "$(TARGET_NAME)";
				SWIFT_VERSION = 5.0;
				TARGETED_DEVICE_FAMILY = "1,2";
			};
			name = Release;
		};
/* End XCBuildConfiguration section */

/* Begin XCConfigurationList section */
		3147E21925DDBA81005A0306 /* Build configuration list for PBXProject "VKClient" */ = {
			isa = XCConfigurationList;
			buildConfigurations = (
				3147E23025DDBAC4005A0306 /* Debug */,
				3147E23125DDBAC4005A0306 /* Release */,
			);
			defaultConfigurationIsVisible = 0;
			defaultConfigurationName = Release;
		};
		3147E23225DDBAC4005A0306 /* Build configuration list for PBXNativeTarget "VKClient" */ = {
			isa = XCConfigurationList;
			buildConfigurations = (
				3147E23325DDBAC4005A0306 /* Debug */,
				3147E23425DDBAC4005A0306 /* Release */,
			);
			defaultConfigurationIsVisible = 0;
			defaultConfigurationName = Release;
		};
/* End XCConfigurationList section */
	};
	rootObject = 3147E21625DDBA81005A0306 /* Project object */;
}
