PODS:
  - Alamofire (4.9.1)
  - PromiseKit/Alamofire (6.15.3):
    - Alamofire (~> 4.0)
    - PromiseKit/CorePromise
  - PromiseKit/CorePromise (6.15.3)
  - Realm (10.10.0):
    - Realm/Headers (= 10.10.0)
  - Realm/Headers (10.10.0)
  - RealmSwift (10.10.0):
    - Realm (= 10.10.0)

DEPENDENCIES:
  - Alamofire (~> 4.0)
  - PromiseKit/Alamofire (~> 6.0)
  - RealmSwift

SPEC REPOS:
  trunk:
    - Alamofire
    - PromiseKit
    - Realm
    - RealmSwift

SPEC CHECKSUMS:
  Alamofire: 85e8a02c69d6020a0d734f6054870d7ecb75cf18
  PromiseKit: 3b2b6995e51a954c46dbc550ce3da44fbfb563c5
  Realm: f501df41a4222c67850c77cf135d472192ecf294
  RealmSwift: c69aadfc7db0d60075178d037c2f34ada73d5201

PODFILE CHECKSUM: cde67a8039f0a6535630dd671da4caa23213e06e

COCOAPODS: 1.10.1
